
Microsoft Visual Studio Solution File, Format Version 12.00
# Visual Studio 15
VisualStudioVersion = 15.0.28307.852
MinimumVisualStudioVersion = 10.0.40219.1
Project("{FAE04EC0-301F-11D3-BF4B-00C04F79EFBC}") = "ScoreManager", "ScoreManager\ScoreManager.csproj", "{19978D7A-EE0B-4327-A829-9A36EBA10DDB}"
EndProject
Project("{54435603-DBB4-11D2-8724-00A0C9A8B90C}") = "Setup", "Setup\Setup.vdproj", "{F812CE6A-732C-46BC-8708-79BC49A75FCC}"
EndProject
Global
	GlobalSection(SolutionConfigurationPlatforms) = preSolution
		Debug|Any CPU = Debug|Any CPU
		Release|Any CPU = Release|Any CPU
	EndGlobalSection
	GlobalSection(ProjectConfigurationPlatforms) = postSolution
		{19978D7A-EE0B-4327-A829-9A36EBA10DDB}.Debug|Any CPU.ActiveCfg = Debug|Any CPU
		{19978D7A-EE0B-4327-A829-9A36EBA10DDB}.Debug|Any CPU.Build.0 = Debug|Any CPU
		{19978D7A-EE0B-4327-A829-9A36EBA10DDB}.Release|Any CPU.ActiveCfg = Release|Any CPU
		{19978D7A-EE0B-4327-A829-9A36EBA10DDB}.Release|Any CPU.Build.0 = Release|Any CPU
		{F812CE6A-732C-46BC-8708-79BC49A75FCC}.Debug|Any CPU.ActiveCfg = Debug
		{F812CE6A-732C-46BC-8708-79BC49A75FCC}.Release|Any CPU.ActiveCfg = Release
	EndGlobalSection
	GlobalSection(SolutionProperties) = preSolution
		HideSolutionNode = FALSE
	EndGlobalSection
	GlobalSection(ExtensibilityGlobals) = postSolution
		SolutionGuid = {E5662D64-849D-4FB2-8E3E-9ACF91484090}
	EndGlobalSection
EndGlobal
